PODS:
  - Alamofire (4.3.0)

DEPENDENCIES:
  - Alamofire (from `https://github.com/Alamofire/Alamofire.git`, branch `master`)

EXTERNAL SOURCES:
  Alamofire:
    :branch: master
    :git: https://github.com/Alamofire/Alamofire.git

CHECKOUT OPTIONS:
  Alamofire:
    :commit: c9c9d091b308a57ff9a744be4f2537ac9c5b4c0b
    :git: https://github.com/Alamofire/Alamofire.git

SPEC CHECKSUMS:
  Alamofire: 1f72088aff8f6b40828dadd61be2e9a31beca01e

PODFILE CHECKSUM: c5159d611c3e366678651761a00919ae418d2cb5

COCOAPODS: 1.1.1
