// !$*UTF8*$!
{
	archiveVersion = 1;
	classes = {
	};
	objectVersion = 46;
	objects = {

/* Begin PBXBuildFile section */
		65ACD0A61E2E7EDE00FFFF82 /* AppDelegate.swift in Sources */ = {isa = PBXBuildFile; fileRef = 65ACD0A51E2E7EDE00FFFF82 /* AppDelegate.swift */; };
		65ACD0A81E2E7EDE00FFFF82 /* MainVC.swift in Sources */ = {isa = PBXBuildFile; fileRef = 65ACD0A71E2E7EDE00FFFF82 /* MainVC.swift */; };
		65ACD0AB1E2E7EDE00FFFF82 /* Main.storyboard in Resources */ = {isa = PBXBuildFile; fileRef = 65ACD0A91E2E7EDE00FFFF82 /* Main.storyboard */; };
		65ACD0AE1E2E7EDE00FFFF82 /* _1_Coredata.xcdatamodeld in Sources */ = {isa = PBXBuildFile; fileRef = 65ACD0AC1E2E7EDE00FFFF82 /* _1_Coredata.xcdatamodeld */; };
		65ACD0B01E2E7EDE00FFFF82 /* Assets.xcassets in Resources */ = {isa = PBXBuildFile; fileRef = 65ACD0AF1E2E7EDE00FFFF82 /* Assets.xcassets */; };
		65ACD0B31E2E7EDE00FFFF82 /* LaunchScreen.storyboard in Resources */ = {isa = PBXBuildFile; fileRef = 65ACD0B11E2E7EDE00FFFF82 /* LaunchScreen.storyboard */; };
		65ACD0F41E2E844E00FFFF82 /* Image+CoreDataClass.swift in Sources */ = {isa = PBXBuildFile; fileRef = 65ACD0EC1E2E844E00FFFF82 /* Image+CoreDataClass.swift */; };
		65ACD0F51E2E844E00FFFF82 /* Image+CoreDataProperties.swift in Sources */ = {isa = PBXBuildFile; fileRef = 65ACD0ED1E2E844E00FFFF82 /* Image+CoreDataProperties.swift */; };
		65ACD0F61E2E844E00FFFF82 /* Item+CoreDataClass.swift in Sources */ = {isa = PBXBuildFile; fileRef = 65ACD0EE1E2E844E00FFFF82 /* Item+CoreDataClass.swift */; };
		65ACD0F71E2E844E00FFFF82 /* Item+CoreDataProperties.swift in Sources */ = {isa = PBXBuildFile; fileRef = 65ACD0EF1E2E844E00FFFF82 /* Item+CoreDataProperties.swift */; };
		65ACD0F81E2E844E00FFFF82 /* Store+CoreDataClass.swift in Sources */ = {isa = PBXBuildFile; fileRef = 65ACD0F01E2E844E00FFFF82 /* Store+CoreDataClass.swift */; };
		65ACD0F91E2E844E00FFFF82 /* Store+CoreDataProperties.swift in Sources */ = {isa = PBXBuildFile; fileRef = 65ACD0F11E2E844E00FFFF82 /* Store+CoreDataProperties.swift */; };
		65ACD0FA1E2E844E00FFFF82 /* ItemType+CoreDataClass.swift in Sources */ = {isa = PBXBuildFile; fileRef = 65ACD0F21E2E844E00FFFF82 /* ItemType+CoreDataClass.swift */; };
		65ACD0FB1E2E844E00FFFF82 /* ItemType+CoreDataProperties.swift in Sources */ = {isa = PBXBuildFile; fileRef = 65ACD0F31E2E844E00FFFF82 /* ItemType+CoreDataProperties.swift */; };
		65ACD0FE1E2F715A00FFFF82 /* MaterialView.swift in Sources */ = {isa = PBXBuildFile; fileRef = 65ACD0FD1E2F715A00FFFF82 /* MaterialView.swift */; };
		65ACD1001E2F730600FFFF82 /* ItemCell.swift in Sources */ = {isa = PBXBuildFile; fileRef = 65ACD0FF1E2F730600FFFF82 /* ItemCell.swift */; };
		65ACD1031E2FB09200FFFF82 /* ItemDetailsVC.swift in Sources */ = {isa = PBXBuildFile; fileRef = 65ACD1021E2FB09200FFFF82 /* ItemDetailsVC.swift */; };
		65ACD1051E2FB73100FFFF82 /* CustomTextField.swift in Sources */ = {isa = PBXBuildFile; fileRef = 65ACD1041E2FB73100FFFF82 /* CustomTextField.swift */; };
/* End PBXBuildFile section */

/* Begin PBXFileReference section */
		65ACD0A21E2E7EDE00FFFF82 /* 11-Coredata.app */ = {isa = PBXFileReference; explicitFileType = wrapper.application; includeInIndex = 0; path = "11-Coredata.app"; sourceTree = BUILT_PRODUCTS_DIR; };
		65ACD0A51E2E7EDE00FFFF82 /* AppDelegate.swift */ = {isa = PBXFileReference; lastKnownFileType = sourcecode.swift; path = AppDelegate.swift; sourceTree = "<group>"; };
		65ACD0A71E2E7EDE00FFFF82 /* MainVC.swift */ = {isa = PBXFileReference; lastKnownFileType = sourcecode.swift; path = MainVC.swift; sourceTree = "<group>"; };
		65ACD0AA1E2E7EDE00FFFF82 /* Base */ = {isa = PBXFileReference; lastKnownFileType = file.storyboard; name = Base; path = Base.lproj/Main.storyboard; sourceTree = "<group>"; };
		65ACD0AD1E2E7EDE00FFFF82 /* _1_Coredata.xcdatamodel */ = {isa = PBXFileReference; lastKnownFileType = wrapper.xcdatamodel; path = _1_Coredata.xcdatamodel; sourceTree = "<group>"; };
		65ACD0AF1E2E7EDE00FFFF82 /* Assets.xcassets */ = {isa = PBXFileReference; lastKnownFileType = folder.assetcatalog; path = Assets.xcassets; sourceTree = "<group>"; };
		65ACD0B21E2E7EDE00FFFF82 /* Base */ = {isa = PBXFileReference; lastKnownFileType = file.storyboard; name = Base; path = Base.lproj/LaunchScreen.storyboard; sourceTree = "<group>"; };
		65ACD0B41E2E7EDE00FFFF82 /* Info.plist */ = {isa = PBXFileReference; lastKnownFileType = text.plist.xml; path = Info.plist; sourceTree = "<group>"; };
		65ACD0EC1E2E844E00FFFF82 /* Image+CoreDataClass.swift */ = {isa = PBXFileReference; fileEncoding = 4; lastKnownFileType = sourcecode.swift; path = "Image+CoreDataClass.swift"; sourceTree = "<group>"; };
		65ACD0ED1E2E844E00FFFF82 /* Image+CoreDataProperties.swift */ = {isa = PBXFileReference; fileEncoding = 4; lastKnownFileType = sourcecode.swift; path = "Image+CoreDataProperties.swift"; sourceTree = "<group>"; };
		65ACD0EE1E2E844E00FFFF82 /* Item+CoreDataClass.swift */ = {isa = PBXFileReference; fileEncoding = 4; lastKnownFileType = sourcecode.swift; path = "Item+CoreDataClass.swift"; sourceTree = "<group>"; };
		65ACD0EF1E2E844E00FFFF82 /* Item+CoreDataProperties.swift */ = {isa = PBXFileReference; fileEncoding = 4; lastKnownFileType = sourcecode.swift; path = "Item+CoreDataProperties.swift"; sourceTree = "<group>"; };
		65ACD0F01E2E844E00FFFF82 /* Store+CoreDataClass.swift */ = {isa = PBXFileReference; fileEncoding = 4; lastKnownFileType = sourcecode.swift; path = "Store+CoreDataClass.swift"; sourceTree = "<group>"; };
		65ACD0F11E2E844E00FFFF82 /* Store+CoreDataProperties.swift */ = {isa = PBXFileReference; fileEncoding = 4; lastKnownFileType = sourcecode.swift; path = "Store+CoreDataProperties.swift"; sourceTree = "<group>"; };
		65ACD0F21E2E844E00FFFF82 /* ItemType+CoreDataClass.swift */ = {isa = PBXFileReference; fileEncoding = 4; lastKnownFileType = sourcecode.swift; path = "ItemType+CoreDataClass.swift"; sourceTree = "<group>"; };
		65ACD0F31E2E844E00FFFF82 /* ItemType+CoreDataProperties.swift */ = {isa = PBXFileReference; fileEncoding = 4; lastKnownFileType = sourcecode.swift; path = "ItemType+CoreDataProperties.swift"; sourceTree = "<group>"; };
		65ACD0FD1E2F715A00FFFF82 /* MaterialView.swift */ = {isa = PBXFileReference; fileEncoding = 4; lastKnownFileType = sourcecode.swift; path = MaterialView.swift; sourceTree = "<group>"; };
		65ACD0FF1E2F730600FFFF82 /* ItemCell.swift */ = {isa = PBXFileReference; fileEncoding = 4; lastKnownFileType = sourcecode.swift; path = ItemCell.swift; sourceTree = "<group>"; };
		65ACD1021E2FB09200FFFF82 /* ItemDetailsVC.swift */ = {isa = PBXFileReference; fileEncoding = 4; lastKnownFileType = sourcecode.swift; path = ItemDetailsVC.swift; sourceTree = "<group>"; };
		65ACD1041E2FB73100FFFF82 /* CustomTextField.swift */ = {isa = PBXFileReference; fileEncoding = 4; lastKnownFileType = sourcecode.swift; name = CustomTextField.swift; path = "../../../resources/apps/DreamLister/DreamLister Assets/CustomTextField.swift"; sourceTree = "<group>"; };
/* End PBXFileReference section */

/* Begin PBXFrameworksBuildPhase section */
		65ACD09F1E2E7EDE00FFFF82 /* Frameworks */ = {
			isa = PBXFrameworksBuildPhase;
			buildActionMask = 2147483647;
			files = (
			);
			runOnlyForDeploymentPostprocessing = 0;
		};
/* End PBXFrameworksBuildPhase section */

/* Begin PBXGroup section */
		65ACD0991E2E7EDE00FFFF82 = {
			isa = PBXGroup;
			children = (
				65ACD0A41E2E7EDE00FFFF82 /* 11-Coredata */,
				65ACD0A31E2E7EDE00FFFF82 /* Products */,
			);
			sourceTree = "<group>";
		};
		65ACD0A31E2E7EDE00FFFF82 /* Products */ = {
			isa = PBXGroup;
			children = (
				65ACD0A21E2E7EDE00FFFF82 /* 11-Coredata.app */,
			);
			name = Products;
			sourceTree = "<group>";
		};
		65ACD0A41E2E7EDE00FFFF82 /* 11-Coredata */ = {
			isa = PBXGroup;
			children = (
				65ACD1011E2FB07F00FFFF82 /* Controller */,
				65ACD0FC1E2F709600FFFF82 /* View */,
				65ACD0CA1E2E821A00FFFF82 /* Model */,
				65ACD0A51E2E7EDE00FFFF82 /* AppDelegate.swift */,
				65ACD0A91E2E7EDE00FFFF82 /* Main.storyboard */,
				65ACD0AF1E2E7EDE00FFFF82 /* Assets.xcassets */,
				65ACD0B11E2E7EDE00FFFF82 /* LaunchScreen.storyboard */,
				65ACD0B41E2E7EDE00FFFF82 /* Info.plist */,
				65ACD0AC1E2E7EDE00FFFF82 /* _1_Coredata.xcdatamodeld */,
			);
			path = "11-Coredata";
			sourceTree = "<group>";
		};
		65ACD0CA1E2E821A00FFFF82 /* Model */ = {
			isa = PBXGroup;
			children = (
				65ACD0EC1E2E844E00FFFF82 /* Image+CoreDataClass.swift */,
				65ACD0EE1E2E844E00FFFF82 /* Item+CoreDataClass.swift */,
				65ACD0F01E2E844E00FFFF82 /* Store+CoreDataClass.swift */,
				65ACD0F21E2E844E00FFFF82 /* ItemType+CoreDataClass.swift */,
				65ACD0CB1E2E822100FFFF82 /* Generated */,
			);
			name = Model;
			sourceTree = "<group>";
		};
		65ACD0CB1E2E822100FFFF82 /* Generated */ = {
			isa = PBXGroup;
			children = (
				65ACD0ED1E2E844E00FFFF82 /* Image+CoreDataProperties.swift */,
				65ACD0EF1E2E844E00FFFF82 /* Item+CoreDataProperties.swift */,
				65ACD0F11E2E844E00FFFF82 /* Store+CoreDataProperties.swift */,
				65ACD0F31E2E844E00FFFF82 /* ItemType+CoreDataProperties.swift */,
			);
			name = Generated;
			sourceTree = "<group>";
		};
		65ACD0FC1E2F709600FFFF82 /* View */ = {
			isa = PBXGroup;
			children = (
				65ACD1041E2FB73100FFFF82 /* CustomTextField.swift */,
				65ACD0FD1E2F715A00FFFF82 /* MaterialView.swift */,
				65ACD0FF1E2F730600FFFF82 /* ItemCell.swift */,
			);
			name = View;
			sourceTree = "<group>";
		};
		65ACD1011E2FB07F00FFFF82 /* Controller */ = {
			isa = PBXGroup;
			children = (
				65ACD0A71E2E7EDE00FFFF82 /* MainVC.swift */,
				65ACD1021E2FB09200FFFF82 /* ItemDetailsVC.swift */,
			);
			name = Controller;
			sourceTree = "<group>";
		};
/* End PBXGroup section */

/* Begin PBXNativeTarget section */
		65ACD0A11E2E7EDE00FFFF82 /* 11-Coredata */ = {
			isa = PBXNativeTarget;
			buildConfigurationList = 65ACD0B71E2E7EDE00FFFF82 /* Build configuration list for PBXNativeTarget "11-Coredata" */;
			buildPhases = (
				65ACD09E1E2E7EDE00FFFF82 /* Sources */,
				65ACD09F1E2E7EDE00FFFF82 /* Frameworks */,
				65ACD0A01E2E7EDE00FFFF82 /* Resources */,
			);
			buildRules = (
			);
			dependencies = (
			);
			name = "11-Coredata";
			productName = "11-Coredata";
			productReference = 65ACD0A21E2E7EDE00FFFF82 /* 11-Coredata.app */;
			productType = "com.apple.product-type.application";
		};
/* End PBXNativeTarget section */

/* Begin PBXProject section */
		65ACD09A1E2E7EDE00FFFF82 /* Project object */ = {
			isa = PBXProject;
			attributes = {
				LastSwiftUpdateCheck = 0820;
				LastUpgradeCheck = 0820;
				ORGANIZATIONNAME = "Alex Comunian";
				TargetAttributes = {
					65ACD0A11E2E7EDE00FFFF82 = {
						CreatedOnToolsVersion = 8.2.1;
						DevelopmentTeam = 8GHFUS3M8K;
						ProvisioningStyle = Automatic;
					};
				};
			};
			buildConfigurationList = 65ACD09D1E2E7EDE00FFFF82 /* Build configuration list for PBXProject "11-Coredata" */;
			compatibilityVersion = "Xcode 3.2";
			developmentRegion = English;
			hasScannedForEncodings = 0;
			knownRegions = (
				en,
				Base,
			);
			mainGroup = 65ACD0991E2E7EDE00FFFF82;
			productRefGroup = 65ACD0A31E2E7EDE00FFFF82 /* Products */;
			projectDirPath = "";
			projectRoot = "";
			targets = (
				65ACD0A11E2E7EDE00FFFF82 /* 11-Coredata */,
			);
		};
/* End PBXProject section */

/* Begin PBXResourcesBuildPhase section */
		65ACD0A01E2E7EDE00FFFF82 /* Resources */ = {
			isa = PBXResourcesBuildPhase;
			buildActionMask = 2147483647;
			files = (
				65ACD0B31E2E7EDE00FFFF82 /* LaunchScreen.storyboard in Resources */,
				65ACD0B01E2E7EDE00FFFF82 /* Assets.xcassets in Resources */,
				65ACD0AB1E2E7EDE00FFFF82 /* Main.storyboard in Resources */,
			);
			runOnlyForDeploymentPostprocessing = 0;
		};
/* End PBXResourcesBuildPhase section */

/* Begin PBXSourcesBuildPhase section */
		65ACD09E1E2E7EDE00FFFF82 /* Sources */ = {
			isa = PBXSourcesBuildPhase;
			buildActionMask = 2147483647;
			files = (
				65ACD1001E2F730600FFFF82 /* ItemCell.swift in Sources */,
				65ACD0F71E2E844E00FFFF82 /* Item+CoreDataProperties.swift in Sources */,
				65ACD0F61E2E844E00FFFF82 /* Item+CoreDataClass.swift in Sources */,
				65ACD0FA1E2E844E00FFFF82 /* ItemType+CoreDataClass.swift in Sources */,
				65ACD0FE1E2F715A00FFFF82 /* MaterialView.swift in Sources */,
				65ACD0A81E2E7EDE00FFFF82 /* MainVC.swift in Sources */,
				65ACD0F51E2E844E00FFFF82 /* Image+CoreDataProperties.swift in Sources */,
				65ACD0F91E2E844E00FFFF82 /* Store+CoreDataProperties.swift in Sources */,
				65ACD0AE1E2E7EDE00FFFF82 /* _1_Coredata.xcdatamodeld in Sources */,
				65ACD1031E2FB09200FFFF82 /* ItemDetailsVC.swift in Sources */,
				65ACD0FB1E2E844E00FFFF82 /* ItemType+CoreDataProperties.swift in Sources */,
				65ACD0F81E2E844E00FFFF82 /* Store+CoreDataClass.swift in Sources */,
				65ACD0A61E2E7EDE00FFFF82 /* AppDelegate.swift in Sources */,
				65ACD0F41E2E844E00FFFF82 /* Image+CoreDataClass.swift in Sources */,
				65ACD1051E2FB73100FFFF82 /* CustomTextField.swift in Sources */,
			);
			runOnlyForDeploymentPostprocessing = 0;
		};
/* End PBXSourcesBuildPhase section */

/* Begin PBXVariantGroup section */
		65ACD0A91E2E7EDE00FFFF82 /* Main.storyboard */ = {
			isa = PBXVariantGroup;
			children = (
				65ACD0AA1E2E7EDE00FFFF82 /* Base */,
			);
			name = Main.storyboard;
			sourceTree = "<group>";
		};
		65ACD0B11E2E7EDE00FFFF82 /* LaunchScreen.storyboard */ = {
			isa = PBXVariantGroup;
			children = (
				65ACD0B21E2E7EDE00FFFF82 /* Base */,
			);
			name = LaunchScreen.storyboard;
			sourceTree = "<group>";
		};
/* End PBXVariantGroup section */

/* Begin XCBuildConfiguration section */
		65ACD0B51E2E7EDE00FFFF82 /* Debug */ = {
			isa = XCBuildConfiguration;
			buildSettings = {
				ALWAYS_SEARCH_USER_PATHS = NO;
				CLANG_ANALYZER_NONNULL = YES;
				CLANG_CXX_LANGUAGE_STANDARD = "gnu++0x";
				CLANG_CXX_LIBRARY = "libc++";
				CLANG_ENABLE_MODULES = YES;
				CLANG_ENABLE_OBJC_ARC = YES;
				CLANG_WARN_BOOL_CONVERSION = YES;
				CLANG_WARN_CONSTANT_CONVERSION = YES;
				CLANG_WARN_DIRECT_OBJC_ISA_USAGE = YES_ERROR;
				CLANG_WARN_DOCUMENTATION_COMMENTS = YES;
				CLANG_WARN_EMPTY_BODY = YES;
				CLANG_WARN_ENUM_CONVERSION = YES;
				CLANG_WARN_INFINITE_RECURSION = YES;
				CLANG_WARN_INT_CONVERSION = YES;
				CLANG_WARN_OBJC_ROOT_CLASS = YES_ERROR;
				CLANG_WARN_SUSPICIOUS_MOVE = YES;
				CLANG_WARN_UNREACHABLE_CODE = YES;
				CLANG_WARN__DUPLICATE_METHOD_MATCH = YES;
				"CODE_SIGN_IDENTITY[sdk=iphoneos*]" = "iPhone Developer";
				COPY_PHASE_STRIP = NO;
				DEBUG_INFORMATION_FORMAT = dwarf;
				ENABLE_STRICT_OBJC_MSGSEND = YES;
				ENABLE_TESTABILITY = YES;
				GCC_C_LANGUAGE_STANDARD = gnu99;
				GCC_DYNAMIC_NO_PIC = NO;
				GCC_NO_COMMON_BLOCKS = YES;
				GCC_OPTIMIZATION_LEVEL = 0;
				GCC_PREPROCESSOR_DEFINITIONS = (
					"DEBUG=1",
					"$(inherited)",
				);
				GCC_WARN_64_TO_32_BIT_CONVERSION = YES;
				GCC_WARN_ABOUT_RETURN_TYPE = YES_ERROR;
				GCC_WARN_UNDECLARED_SELECTOR = YES;
				GCC_WARN_UNINITIALIZED_AUTOS = YES_AGGRESSIVE;
				GCC_WARN_UNUSED_FUNCTION = YES;
				GCC_WARN_UNUSED_VARIABLE = YES;
				IPHONEOS_DEPLOYMENT_TARGET = 10.2;
				MTL_ENABLE_DEBUG_INFO = YES;
				ONLY_ACTIVE_ARCH = YES;
				SDKROOT = iphoneos;
				SWIFT_ACTIVE_COMPILATION_CONDITIONS = DEBUG;
				SWIFT_OPTIMIZATION_LEVEL = "-Onone";
				TARGETED_DEVICE_FAMILY = "1,2";
			};
			name = Debug;
		};
		65ACD0B61E2E7EDE00FFFF82 /* Release */ = {
			isa = XCBuildConfiguration;
			buildSettings = {
				ALWAYS_SEARCH_USER_PATHS = NO;
				CLANG_ANALYZER_NONNULL = YES;
				CLANG_CXX_LANGUAGE_STANDARD = "gnu++0x";
				CLANG_CXX_LIBRARY = "libc++";
				CLANG_ENABLE_MODULES = YES;
				CLANG_ENABLE_OBJC_ARC = YES;
				CLANG_WARN_BOOL_CONVERSION = YES;
				CLANG_WARN_CONSTANT_CONVERSION = YES;
				CLANG_WARN_DIRECT_OBJC_ISA_USAGE = YES_ERROR;
				CLANG_WARN_DOCUMENTATION_COMMENTS = YES;
				CLANG_WARN_EMPTY_BODY = YES;
				CLANG_WARN_ENUM_CONVERSION = YES;
				CLANG_WARN_INFINITE_RECURSION = YES;
				CLANG_WARN_INT_CONVERSION = YES;
				CLANG_WARN_OBJC_ROOT_CLASS = YES_ERROR;
				CLANG_WARN_SUSPICIOUS_MOVE = YES;
				CLANG_WARN_UNREACHABLE_CODE = YES;
				CLANG_WARN__DUPLICATE_METHOD_MATCH = YES;
				"CODE_SIGN_IDENTITY[sdk=iphoneos*]" = "iPhone Developer";
				COPY_PHASE_STRIP = NO;
				DEBUG_INFORMATION_FORMAT = "dwarf-with-dsym";
				ENABLE_NS_ASSERTIONS = NO;
				ENABLE_STRICT_OBJC_MSGSEND = YES;
				GCC_C_LANGUAGE_STANDARD = gnu99;
				GCC_NO_COMMON_BLOCKS = YES;
				GCC_WARN_64_TO_32_BIT_CONVERSION = YES;
				GCC_WARN_ABOUT_RETURN_TYPE = YES_ERROR;
				GCC_WARN_UNDECLARED_SELECTOR = YES;
				GCC_WARN_UNINITIALIZED_AUTOS = YES_AGGRESSIVE;
				GCC_WARN_UNUSED_FUNCTION = YES;
				GCC_WARN_UNUSED_VARIABLE = YES;
				IPHONEOS_DEPLOYMENT_TARGET = 10.2;
				MTL_ENABLE_DEBUG_INFO = NO;
				SDKROOT = iphoneos;
				SWIFT_OPTIMIZATION_LEVEL = "-Owholemodule";
				TARGETED_DEVICE_FAMILY = "1,2";
				VALIDATE_PRODUCT = YES;
			};
			name = Release;
		};
		65ACD0B81E2E7EDE00FFFF82 /* Debug */ = {
			isa = XCBuildConfiguration;
			buildSettings = {
				ASSETCATALOG_COMPILER_APPICON_NAME = AppIcon;
				DEVELOPMENT_TEAM = 8GHFUS3M8K;
				INFOPLIST_FILE = "11-Coredata/Info.plist";
				LD_RUNPATH_SEARCH_PATHS = "$(inherited) @executable_path/Frameworks";
				PRODUCT_BUNDLE_IDENTIFIER = "hackademy.-1-Coredata";
				PRODUCT_NAME = "$(TARGET_NAME)";
				SWIFT_VERSION = 3.0;
			};
			name = Debug;
		};
		65ACD0B91E2E7EDE00FFFF82 /* Release */ = {
			isa = XCBuildConfiguration;
			buildSettings = {
				ASSETCATALOG_COMPILER_APPICON_NAME = AppIcon;
				DEVELOPMENT_TEAM = 8GHFUS3M8K;
				INFOPLIST_FILE = "11-Coredata/Info.plist";
				LD_RUNPATH_SEARCH_PATHS = "$(inherited) @executable_path/Frameworks";
				PRODUCT_BUNDLE_IDENTIFIER = "hackademy.-1-Coredata";
				PRODUCT_NAME = "$(TARGET_NAME)";
				SWIFT_VERSION = 3.0;
			};
			name = Release;
		};
/* End XCBuildConfiguration section */

/* Begin XCConfigurationList section */
		65ACD09D1E2E7EDE00FFFF82 /* Build configuration list for PBXProject "11-Coredata" */ = {
			isa = XCConfigurationList;
			buildConfigurations = (
				65ACD0B51E2E7EDE00FFFF82 /* Debug */,
				65ACD0B61E2E7EDE00FFFF82 /* Release */,
			);
			defaultConfigurationIsVisible = 0;
			defaultConfigurationName = Release;
		};
		65ACD0B71E2E7EDE00FFFF82 /* Build configuration list for PBXNativeTarget "11-Coredata" */ = {
			isa = XCConfigurationList;
			buildConfigurations = (
				65ACD0B81E2E7EDE00FFFF82 /* Debug */,
				65ACD0B91E2E7EDE00FFFF82 /* Release */,
			);
			defaultConfigurationIsVisible = 0;
			defaultConfigurationName = Release;
		};
/* End XCConfigurationList section */

/* Begin XCVersionGroup section */
		65ACD0AC1E2E7EDE00FFFF82 /* _1_Coredata.xcdatamodeld */ = {
			isa = XCVersionGroup;
			children = (
				65ACD0AD1E2E7EDE00FFFF82 /* _1_Coredata.xcdatamodel */,
			);
			currentVersion = 65ACD0AD1E2E7EDE00FFFF82 /* _1_Coredata.xcdatamodel */;
			path = _1_Coredata.xcdatamodeld;
			sourceTree = "<group>";
			versionGroupType = wrapper.xcdatamodel;
		};
/* End XCVersionGroup section */
	};
	rootObject = 65ACD09A1E2E7EDE00FFFF82 /* Project object */;
}
