// !$*UTF8*$!
{
	archiveVersion = 1;
	classes = {
	};
	objectVersion = 46;
	objects = {

/* Begin PBXBuildFile section */
		659CF9471E79857C00F0D317 /* AppDelegate.swift in Sources */ = {isa = PBXBuildFile; fileRef = 659CF9461E79857C00F0D317 /* AppDelegate.swift */; };
		659CF9491E79857C00F0D317 /* ViewController.swift in Sources */ = {isa = PBXBuildFile; fileRef = 659CF9481E79857C00F0D317 /* ViewController.swift */; };
		659CF94C1E79857C00F0D317 /* Main.storyboard in Resources */ = {isa = PBXBuildFile; fileRef = 659CF94A1E79857C00F0D317 /* Main.storyboard */; };
		659CF94E1E79857C00F0D317 /* Assets.xcassets in Resources */ = {isa = PBXBuildFile; fileRef = 659CF94D1E79857C00F0D317 /* Assets.xcassets */; };
		659CF9511E79857C00F0D317 /* LaunchScreen.storyboard in Resources */ = {isa = PBXBuildFile; fileRef = 659CF94F1E79857C00F0D317 /* LaunchScreen.storyboard */; };
		659CF95F1E79867100F0D317 /* HealthKit.framework in Frameworks */ = {isa = PBXBuildFile; fileRef = 659CF95E1E79867100F0D317 /* HealthKit.framework */; };
		65CACF2C1E7C330E005DB1F2 /* HealthManager.swift in Sources */ = {isa = PBXBuildFile; fileRef = 65CACF2B1E7C330E005DB1F2 /* HealthManager.swift */; };
/* End PBXBuildFile section */

/* Begin PBXFileReference section */
		659CF9431E79857C00F0D317 /* 14-HealthKit-Example.app */ = {isa = PBXFileReference; explicitFileType = wrapper.application; includeInIndex = 0; path = "14-HealthKit-Example.app"; sourceTree = BUILT_PRODUCTS_DIR; };
		659CF9461E79857C00F0D317 /* AppDelegate.swift */ = {isa = PBXFileReference; lastKnownFileType = sourcecode.swift; path = AppDelegate.swift; sourceTree = "<group>"; };
		659CF9481E79857C00F0D317 /* ViewController.swift */ = {isa = PBXFileReference; lastKnownFileType = sourcecode.swift; path = ViewController.swift; sourceTree = "<group>"; };
		659CF94B1E79857C00F0D317 /* Base */ = {isa = PBXFileReference; lastKnownFileType = file.storyboard; name = Base; path = Base.lproj/Main.storyboard; sourceTree = "<group>"; };
		659CF94D1E79857C00F0D317 /* Assets.xcassets */ = {isa = PBXFileReference; lastKnownFileType = folder.assetcatalog; path = Assets.xcassets; sourceTree = "<group>"; };
		659CF9501E79857C00F0D317 /* Base */ = {isa = PBXFileReference; lastKnownFileType = file.storyboard; name = Base; path = Base.lproj/LaunchScreen.storyboard; sourceTree = "<group>"; };
		659CF9521E79857C00F0D317 /* Info.plist */ = {isa = PBXFileReference; lastKnownFileType = text.plist.xml; path = Info.plist; sourceTree = "<group>"; };
		659CF9581E7985D000F0D317 /* 14-HealthKit-Example.entitlements */ = {isa = PBXFileReference; lastKnownFileType = text.plist.entitlements; path = "14-HealthKit-Example.entitlements"; sourceTree = "<group>"; };
		659CF95E1E79867100F0D317 /* HealthKit.framework */ = {isa = PBXFileReference; lastKnownFileType = wrapper.framework; name = HealthKit.framework; path = System/Library/Frameworks/HealthKit.framework; sourceTree = SDKROOT; };
		65CACF2B1E7C330E005DB1F2 /* HealthManager.swift */ = {isa = PBXFileReference; fileEncoding = 4; lastKnownFileType = sourcecode.swift; path = HealthManager.swift; sourceTree = "<group>"; };
/* End PBXFileReference section */

/* Begin PBXFrameworksBuildPhase section */
		659CF9401E79857C00F0D317 /* Frameworks */ = {
			isa = PBXFrameworksBuildPhase;
			buildActionMask = 2147483647;
			files = (
				659CF95F1E79867100F0D317 /* HealthKit.framework in Frameworks */,
			);
			runOnlyForDeploymentPostprocessing = 0;
		};
/* End PBXFrameworksBuildPhase section */

/* Begin PBXGroup section */
		659CF93A1E79857C00F0D317 = {
			isa = PBXGroup;
			children = (
				659CF9451E79857C00F0D317 /* 14-HealthKit-Example */,
				659CF9441E79857C00F0D317 /* Products */,
				659CF9591E7985D000F0D317 /* Frameworks */,
			);
			sourceTree = "<group>";
		};
		659CF9441E79857C00F0D317 /* Products */ = {
			isa = PBXGroup;
			children = (
				659CF9431E79857C00F0D317 /* 14-HealthKit-Example.app */,
			);
			name = Products;
			sourceTree = "<group>";
		};
		659CF9451E79857C00F0D317 /* 14-HealthKit-Example */ = {
			isa = PBXGroup;
			children = (
				659CF9581E7985D000F0D317 /* 14-HealthKit-Example.entitlements */,
				659CF9461E79857C00F0D317 /* AppDelegate.swift */,
				659CF9481E79857C00F0D317 /* ViewController.swift */,
				659CF94A1E79857C00F0D317 /* Main.storyboard */,
				659CF94D1E79857C00F0D317 /* Assets.xcassets */,
				659CF94F1E79857C00F0D317 /* LaunchScreen.storyboard */,
				659CF9521E79857C00F0D317 /* Info.plist */,
				65CACF2B1E7C330E005DB1F2 /* HealthManager.swift */,
			);
			path = "14-HealthKit-Example";
			sourceTree = "<group>";
		};
		659CF9591E7985D000F0D317 /* Frameworks */ = {
			isa = PBXGroup;
			children = (
				659CF95E1E79867100F0D317 /* HealthKit.framework */,
			);
			name = Frameworks;
			sourceTree = "<group>";
		};
/* End PBXGroup section */

/* Begin PBXNativeTarget section */
		659CF9421E79857C00F0D317 /* 14-HealthKit-Example */ = {
			isa = PBXNativeTarget;
			buildConfigurationList = 659CF9551E79857C00F0D317 /* Build configuration list for PBXNativeTarget "14-HealthKit-Example" */;
			buildPhases = (
				659CF93F1E79857C00F0D317 /* Sources */,
				659CF9401E79857C00F0D317 /* Frameworks */,
				659CF9411E79857C00F0D317 /* Resources */,
			);
			buildRules = (
			);
			dependencies = (
			);
			name = "14-HealthKit-Example";
			productName = "14-HealthKit-Example";
			productReference = 659CF9431E79857C00F0D317 /* 14-HealthKit-Example.app */;
			productType = "com.apple.product-type.application";
		};
/* End PBXNativeTarget section */

/* Begin PBXProject section */
		659CF93B1E79857C00F0D317 /* Project object */ = {
			isa = PBXProject;
			attributes = {
				LastSwiftUpdateCheck = 0830;
				LastUpgradeCheck = 0830;
				ORGANIZATIONNAME = Hackademy;
				TargetAttributes = {
					659CF9421E79857C00F0D317 = {
						CreatedOnToolsVersion = 8.3;
						DevelopmentTeam = 8GHFUS3M8K;
						ProvisioningStyle = Automatic;
						SystemCapabilities = {
							com.apple.HealthKit = {
								enabled = 1;
							};
						};
					};
				};
			};
			buildConfigurationList = 659CF93E1E79857C00F0D317 /* Build configuration list for PBXProject "14-HealthKit-Example" */;
			compatibilityVersion = "Xcode 3.2";
			developmentRegion = English;
			hasScannedForEncodings = 0;
			knownRegions = (
				en,
				Base,
			);
			mainGroup = 659CF93A1E79857C00F0D317;
			productRefGroup = 659CF9441E79857C00F0D317 /* Products */;
			projectDirPath = "";
			projectRoot = "";
			targets = (
				659CF9421E79857C00F0D317 /* 14-HealthKit-Example */,
			);
		};
/* End PBXProject section */

/* Begin PBXResourcesBuildPhase section */
		659CF9411E79857C00F0D317 /* Resources */ = {
			isa = PBXResourcesBuildPhase;
			buildActionMask = 2147483647;
			files = (
				659CF9511E79857C00F0D317 /* LaunchScreen.storyboard in Resources */,
				659CF94E1E79857C00F0D317 /* Assets.xcassets in Resources */,
				659CF94C1E79857C00F0D317 /* Main.storyboard in Resources */,
			);
			runOnlyForDeploymentPostprocessing = 0;
		};
/* End PBXResourcesBuildPhase section */

/* Begin PBXSourcesBuildPhase section */
		659CF93F1E79857C00F0D317 /* Sources */ = {
			isa = PBXSourcesBuildPhase;
			buildActionMask = 2147483647;
			files = (
				659CF9491E79857C00F0D317 /* ViewController.swift in Sources */,
				65CACF2C1E7C330E005DB1F2 /* HealthManager.swift in Sources */,
				659CF9471E79857C00F0D317 /* AppDelegate.swift in Sources */,
			);
			runOnlyForDeploymentPostprocessing = 0;
		};
/* End PBXSourcesBuildPhase section */

/* Begin PBXVariantGroup section */
		659CF94A1E79857C00F0D317 /* Main.storyboard */ = {
			isa = PBXVariantGroup;
			children = (
				659CF94B1E79857C00F0D317 /* Base */,
			);
			name = Main.storyboard;
			sourceTree = "<group>";
		};
		659CF94F1E79857C00F0D317 /* LaunchScreen.storyboard */ = {
			isa = PBXVariantGroup;
			children = (
				659CF9501E79857C00F0D317 /* Base */,
			);
			name = LaunchScreen.storyboard;
			sourceTree = "<group>";
		};
/* End PBXVariantGroup section */

/* Begin XCBuildConfiguration section */
		659CF9531E79857C00F0D317 /* Debug */ = {
			isa = XCBuildConfiguration;
			buildSettings = {
				ALWAYS_SEARCH_USER_PATHS = NO;
				CLANG_ANALYZER_NONNULL = YES;
				CLANG_ANALYZER_NUMBER_OBJECT_CONVERSION = YES_AGGRESSIVE;
				CLANG_CXX_LANGUAGE_STANDARD = "gnu++0x";
				CLANG_CXX_LIBRARY = "libc++";
				CLANG_ENABLE_MODULES = YES;
				CLANG_ENABLE_OBJC_ARC = YES;
				CLANG_WARN_BOOL_CONVERSION = YES;
				CLANG_WARN_CONSTANT_CONVERSION = YES;
				CLANG_WARN_DIRECT_OBJC_ISA_USAGE = YES_ERROR;
				CLANG_WARN_DOCUMENTATION_COMMENTS = YES;
				CLANG_WARN_EMPTY_BODY = YES;
				CLANG_WARN_ENUM_CONVERSION = YES;
				CLANG_WARN_INFINITE_RECURSION = YES;
				CLANG_WARN_INT_CONVERSION = YES;
				CLANG_WARN_OBJC_ROOT_CLASS = YES_ERROR;
				CLANG_WARN_SUSPICIOUS_MOVE = YES;
				CLANG_WARN_UNREACHABLE_CODE = YES;
				CLANG_WARN__DUPLICATE_METHOD_MATCH = YES;
				"CODE_SIGN_IDENTITY[sdk=iphoneos*]" = "iPhone Developer";
				COPY_PHASE_STRIP = NO;
				DEBUG_INFORMATION_FORMAT = dwarf;
				ENABLE_STRICT_OBJC_MSGSEND = YES;
				ENABLE_TESTABILITY = YES;
				GCC_C_LANGUAGE_STANDARD = gnu99;
				GCC_DYNAMIC_NO_PIC = NO;
				GCC_NO_COMMON_BLOCKS = YES;
				GCC_OPTIMIZATION_LEVEL = 0;
				GCC_PREPROCESSOR_DEFINITIONS = (
					"DEBUG=1",
					"$(inherited)",
				);
				GCC_WARN_64_TO_32_BIT_CONVERSION = YES;
				GCC_WARN_ABOUT_RETURN_TYPE = YES_ERROR;
				GCC_WARN_UNDECLARED_SELECTOR = YES;
				GCC_WARN_UNINITIALIZED_AUTOS = YES_AGGRESSIVE;
				GCC_WARN_UNUSED_FUNCTION = YES;
				GCC_WARN_UNUSED_VARIABLE = YES;
				IPHONEOS_DEPLOYMENT_TARGET = 10.3;
				MTL_ENABLE_DEBUG_INFO = YES;
				ONLY_ACTIVE_ARCH = YES;
				SDKROOT = iphoneos;
				SWIFT_ACTIVE_COMPILATION_CONDITIONS = DEBUG;
				SWIFT_OPTIMIZATION_LEVEL = "-Onone";
			};
			name = Debug;
		};
		659CF9541E79857C00F0D317 /* Release */ = {
			isa = XCBuildConfiguration;
			buildSettings = {
				ALWAYS_SEARCH_USER_PATHS = NO;
				CLANG_ANALYZER_NONNULL = YES;
				CLANG_ANALYZER_NUMBER_OBJECT_CONVERSION = YES_AGGRESSIVE;
				CLANG_CXX_LANGUAGE_STANDARD = "gnu++0x";
				CLANG_CXX_LIBRARY = "libc++";
				CLANG_ENABLE_MODULES = YES;
				CLANG_ENABLE_OBJC_ARC = YES;
				CLANG_WARN_BOOL_CONVERSION = YES;
				CLANG_WARN_CONSTANT_CONVERSION = YES;
				CLANG_WARN_DIRECT_OBJC_ISA_USAGE = YES_ERROR;
				CLANG_WARN_DOCUMENTATION_COMMENTS = YES;
				CLANG_WARN_EMPTY_BODY = YES;
				CLANG_WARN_ENUM_CONVERSION = YES;
				CLANG_WARN_INFINITE_RECURSION = YES;
				CLANG_WARN_INT_CONVERSION = YES;
				CLANG_WARN_OBJC_ROOT_CLASS = YES_ERROR;
				CLANG_WARN_SUSPICIOUS_MOVE = YES;
				CLANG_WARN_UNREACHABLE_CODE = YES;
				CLANG_WARN__DUPLICATE_METHOD_MATCH = YES;
				"CODE_SIGN_IDENTITY[sdk=iphoneos*]" = "iPhone Developer";
				COPY_PHASE_STRIP = NO;
				DEBUG_INFORMATION_FORMAT = "dwarf-with-dsym";
				ENABLE_NS_ASSERTIONS = NO;
				ENABLE_STRICT_OBJC_MSGSEND = YES;
				GCC_C_LANGUAGE_STANDARD = gnu99;
				GCC_NO_COMMON_BLOCKS = YES;
				GCC_WARN_64_TO_32_BIT_CONVERSION = YES;
				GCC_WARN_ABOUT_RETURN_TYPE = YES_ERROR;
				GCC_WARN_UNDECLARED_SELECTOR = YES;
				GCC_WARN_UNINITIALIZED_AUTOS = YES_AGGRESSIVE;
				GCC_WARN_UNUSED_FUNCTION = YES;
				GCC_WARN_UNUSED_VARIABLE = YES;
				IPHONEOS_DEPLOYMENT_TARGET = 10.3;
				MTL_ENABLE_DEBUG_INFO = NO;
				SDKROOT = iphoneos;
				SWIFT_OPTIMIZATION_LEVEL = "-Owholemodule";
				VALIDATE_PRODUCT = YES;
			};
			name = Release;
		};
		659CF9561E79857C00F0D317 /* Debug */ = {
			isa = XCBuildConfiguration;
			buildSettings = {
				ASSETCATALOG_COMPILER_APPICON_NAME = AppIcon;
				CODE_SIGN_ENTITLEMENTS = "14-HealthKit-Example/14-HealthKit-Example.entitlements";
				DEVELOPMENT_TEAM = 8GHFUS3M8K;
				INFOPLIST_FILE = "14-HealthKit-Example/Info.plist";
				LD_RUNPATH_SEARCH_PATHS = "$(inherited) @executable_path/Frameworks";
				PRODUCT_BUNDLE_IDENTIFIER = "alexcomu.-4-HealthKit-Example";
				PRODUCT_NAME = "$(TARGET_NAME)";
				SWIFT_VERSION = 3.0;
			};
			name = Debug;
		};
		659CF9571E79857C00F0D317 /* Release */ = {
			isa = XCBuildConfiguration;
			buildSettings = {
				ASSETCATALOG_COMPILER_APPICON_NAME = AppIcon;
				CODE_SIGN_ENTITLEMENTS = "14-HealthKit-Example/14-HealthKit-Example.entitlements";
				DEVELOPMENT_TEAM = 8GHFUS3M8K;
				INFOPLIST_FILE = "14-HealthKit-Example/Info.plist";
				LD_RUNPATH_SEARCH_PATHS = "$(inherited) @executable_path/Frameworks";
				PRODUCT_BUNDLE_IDENTIFIER = "alexcomu.-4-HealthKit-Example";
				PRODUCT_NAME = "$(TARGET_NAME)";
				SWIFT_VERSION = 3.0;
			};
			name = Release;
		};
/* End XCBuildConfiguration section */

/* Begin XCConfigurationList section */
		659CF93E1E79857C00F0D317 /* Build configuration list for PBXProject "14-HealthKit-Example" */ = {
			isa = XCConfigurationList;
			buildConfigurations = (
				659CF9531E79857C00F0D317 /* Debug */,
				659CF9541E79857C00F0D317 /* Release */,
			);
			defaultConfigurationIsVisible = 0;
			defaultConfigurationName = Release;
		};
		659CF9551E79857C00F0D317 /* Build configuration list for PBXNativeTarget "14-HealthKit-Example" */ = {
			isa = XCConfigurationList;
			buildConfigurations = (
				659CF9561E79857C00F0D317 /* Debug */,
				659CF9571E79857C00F0D317 /* Release */,
			);
			defaultConfigurationIsVisible = 0;
			defaultConfigurationName = Release;
		};
/* End XCConfigurationList section */
	};
	rootObject = 659CF93B1E79857C00F0D317 /* Project object */;
}
